
Microsoft Visual Studio Solution File, Format Version 12.00
# Visual Studio Version 17
VisualStudioVersion = 17.4.33205.214
MinimumVisualStudioVersion = 10.0.40219.1
Project("{2150E333-8FDC-42A3-9474-1A3956D46DE8}") = "FrontEnd", "FrontEnd", "{948D7A90-F516-43B4-88BB-DD5CA285A49F}"
EndProject
Project("{9A19103F-16F7-4668-BE54-9A1E7A4F7556}") = "Mango.Web", "Mango.Web\Mango.Web.csproj", "{70721581-5C5A-4562-A31F-57AE06EB50E2}"
EndProject
Project("{2150E333-8FDC-42A3-9474-1A3956D46DE8}") = "Services", "Services", "{E851AF80-BCAB-41CE-A500-5347A5CC0C22}"
EndProject
Project("{9A19103F-16F7-4668-BE54-9A1E7A4F7556}") = "Mango.Services.ProductAPI", "Mango.Services.ProductAPI\Mango.Services.ProductAPI.csproj", "{8503C9F2-1961-48C8-AC0D-49F86C23A3F1}"
EndProject
Project("{FAE04EC0-301F-11D3-BF4B-00C04F79EFBC}") = "Mango.Services.Identity", "Mango.Services.Identity\Mango.Services.Identity.csproj", "{EAE9D393-2152-4FC3-B323-A426A6E5B854}"
EndProject
Global
	GlobalSection(SolutionConfigurationPlatforms) = preSolution
		Debug|Any CPU = Debug|Any CPU
		Release|Any CPU = Release|Any CPU
	EndGlobalSection
	GlobalSection(ProjectConfigurationPlatforms) = postSolution
		{70721581-5C5A-4562-A31F-57AE06EB50E2}.Debug|Any CPU.ActiveCfg = Debug|Any CPU
		{70721581-5C5A-4562-A31F-57AE06EB50E2}.Debug|Any CPU.Build.0 = Debug|Any CPU
		{70721581-5C5A-4562-A31F-57AE06EB50E2}.Release|Any CPU.ActiveCfg = Release|Any CPU
		{70721581-5C5A-4562-A31F-57AE06EB50E2}.Release|Any CPU.Build.0 = Release|Any CPU
		{8503C9F2-1961-48C8-AC0D-49F86C23A3F1}.Debug|Any CPU.ActiveCfg = Debug|Any CPU
		{8503C9F2-1961-48C8-AC0D-49F86C23A3F1}.Debug|Any CPU.Build.0 = Debug|Any CPU
		{8503C9F2-1961-48C8-AC0D-49F86C23A3F1}.Release|Any CPU.ActiveCfg = Release|Any CPU
		{8503C9F2-1961-48C8-AC0D-49F86C23A3F1}.Release|Any CPU.Build.0 = Release|Any CPU
		{EAE9D393-2152-4FC3-B323-A426A6E5B854}.Debug|Any CPU.ActiveCfg = Debug|Any CPU
		{EAE9D393-2152-4FC3-B323-A426A6E5B854}.Debug|Any CPU.Build.0 = Debug|Any CPU
		{EAE9D393-2152-4FC3-B323-A426A6E5B854}.Release|Any CPU.ActiveCfg = Release|Any CPU
		{EAE9D393-2152-4FC3-B323-A426A6E5B854}.Release|Any CPU.Build.0 = Release|Any CPU
	EndGlobalSection
	GlobalSection(SolutionProperties) = preSolution
		HideSolutionNode = FALSE
	EndGlobalSection
	GlobalSection(NestedProjects) = preSolution
		{70721581-5C5A-4562-A31F-57AE06EB50E2} = {948D7A90-F516-43B4-88BB-DD5CA285A49F}
		{8503C9F2-1961-48C8-AC0D-49F86C23A3F1} = {E851AF80-BCAB-41CE-A500-5347A5CC0C22}
		{EAE9D393-2152-4FC3-B323-A426A6E5B854} = {E851AF80-BCAB-41CE-A500-5347A5CC0C22}
	EndGlobalSection
	GlobalSection(ExtensibilityGlobals) = postSolution
		SolutionGuid = {A33FF9C2-7FE5-4CA8-A6B1-B7930F8E4FDF}
	EndGlobalSection
EndGlobal
